
Microsoft Visual Studio Solution File, Format Version 12.00
# Visual Studio 15
VisualStudioVersion = 15.0.27130.2010
MinimumVisualStudioVersion = 10.0.40219.1
Project("{FAE04EC0-301F-11D3-BF4B-00C04F79EFBC}") = "SIBYL VIEWER", "SIBYL VIEWER\SIBYL VIEWER.csproj", "{0B2D82CB-F47E-48FE-A9CE-F45B4597ABCE}"
EndProject
Project("{FAE04EC0-301F-11D3-BF4B-00C04F79EFBC}") = "TestCon", "TestCon\TestCon.csproj", "{1250563A-D233-44D9-BBD6-9E34813735CA}"
EndProject
Global
	GlobalSection(SolutionConfigurationPlatforms) = preSolution
		Debug|Any CPU = Debug|Any CPU
		Release|Any CPU = Release|Any CPU
	EndGlobalSection
	GlobalSection(ProjectConfigurationPlatforms) = postSolution
		{0B2D82CB-F47E-48FE-A9CE-F45B4597ABCE}.Debug|Any CPU.ActiveCfg = Debug|Any CPU
		{0B2D82CB-F47E-48FE-A9CE-F45B4597ABCE}.Debug|Any CPU.Build.0 = Debug|Any CPU
		{0B2D82CB-F47E-48FE-A9CE-F45B4597ABCE}.Release|Any CPU.ActiveCfg = Release|Any CPU
		{0B2D82CB-F47E-48FE-A9CE-F45B4597ABCE}.Release|Any CPU.Build.0 = Release|Any CPU
		{1250563A-D233-44D9-BBD6-9E34813735CA}.Debug|Any CPU.ActiveCfg = Debug|Any CPU
		{1250563A-D233-44D9-BBD6-9E34813735CA}.Debug|Any CPU.Build.0 = Debug|Any CPU
		{1250563A-D233-44D9-BBD6-9E34813735CA}.Release|Any CPU.ActiveCfg = Release|Any CPU
		{1250563A-D233-44D9-BBD6-9E34813735CA}.Release|Any CPU.Build.0 = Release|Any CPU
	EndGlobalSection
	GlobalSection(SolutionProperties) = preSolution
		HideSolutionNode = FALSE
	EndGlobalSection
	GlobalSection(ExtensibilityGlobals) = postSolution
		SolutionGuid = {4EF7843A-8BAA-4093-A311-8554DEC1B2AF}
	EndGlobalSection
EndGlobal
