
Microsoft Visual Studio Solution File, Format Version 12.00
# Visual Studio 15
VisualStudioVersion = 15.0.27004.2010
MinimumVisualStudioVersion = 10.0.40219.1
Project("{FAE04EC0-301F-11D3-BF4B-00C04F79EFBC}") = "DOS", "DOS\DOS.csproj", "{918BE415-A73E-4779-A780-BD4298E66EF7}"
EndProject
Global
	GlobalSection(SolutionConfigurationPlatforms) = preSolution
		Debug|Any CPU = Debug|Any CPU
		Release|Any CPU = Release|Any CPU
	EndGlobalSection
	GlobalSection(ProjectConfigurationPlatforms) = postSolution
		{918BE415-A73E-4779-A780-BD4298E66EF7}.Debug|Any CPU.ActiveCfg = Debug|Any CPU
		{918BE415-A73E-4779-A780-BD4298E66EF7}.Debug|Any CPU.Build.0 = Debug|Any CPU
		{918BE415-A73E-4779-A780-BD4298E66EF7}.Release|Any CPU.ActiveCfg = Release|Any CPU
		{918BE415-A73E-4779-A780-BD4298E66EF7}.Release|Any CPU.Build.0 = Release|Any CPU
	EndGlobalSection
	GlobalSection(SolutionProperties) = preSolution
		HideSolutionNode = FALSE
	EndGlobalSection
	GlobalSection(ExtensibilityGlobals) = postSolution
		SolutionGuid = {71E09ADA-8EB0-4079-95D7-2F54F755BEB5}
	EndGlobalSection
EndGlobal
